
Microsoft Visual Studio Solution File, Format Version 12.00
# Visual Studio Version 17
VisualStudioVersion = 17.0.31903.59
MinimumVisualStudioVersion = 10.0.40219.1
Project("{FAE04EC0-301F-11D3-BF4B-00C04F79EFBC}") = "MobilDwg.Core", "src\MobilDwg.Core\MobilDwg.Core.csproj", "{11111111-1111-4111-8111-111111111111}"
EndProject
Project("{FAE04EC0-301F-11D3-BF4B-00C04F79EFBC}") = "MobilDwg.Cad", "src\MobilDwg.Cad\MobilDwg.Cad.csproj", "{22222222-2222-4222-8222-222222222222}"
EndProject
Project("{FAE04EC0-301F-11D3-BF4B-00C04F79EFBC}") = "MobilDwg.Rendering", "src\MobilDwg.Rendering\MobilDwg.Rendering.csproj", "{33333333-3333-4333-8333-333333333333}"
EndProject
Project("{FAE04EC0-301F-11D3-BF4B-00C04F79EFBC}") = "MobilDwg.App", "src\MobilDwg.App\MobilDwg.App.csproj", "{44444444-4444-4444-8444-444444444444}"
EndProject
Project("{FAE04EC0-301F-11D3-BF4B-00C04F79EFBC}") = "MobilDwg.Core.Tests", "tests\MobilDwg.Core.Tests\MobilDwg.Core.Tests.csproj", "{55555555-5555-4555-8555-555555555555}"
EndProject
Project("{FAE04EC0-301F-11D3-BF4B-00C04F79EFBC}") = "MobilDwg.Rendering.Tests", "tests\MobilDwg.Rendering.Tests\MobilDwg.Rendering.Tests.csproj", "{66666666-6666-4666-8666-666666666666}"
EndProject
Project("{FAE04EC0-301F-11D3-BF4B-00C04F79EFBC}") = "MobilDwg.Architecture.Tests", "tests\MobilDwg.Architecture.Tests\MobilDwg.Architecture.Tests.csproj", "{77777777-7777-4777-8777-777777777777}"
EndProject
Project("{2150E333-8FDC-42A3-9474-1A3956D46DE8}") = "tools", "tools", "{07C2787E-EAC7-C090-1BA3-A61EC2A24D84}"
EndProject
Project("{FAE04EC0-301F-11D3-BF4B-00C04F79EFBC}") = "CadControlBenchmark", "tools\CadControlBenchmark\CadControlBenchmark.csproj", "{910E99DB-0F49-415F-B16A-EDAB1B7362EC}"
EndProject
Project("{2150E333-8FDC-42A3-9474-1A3956D46DE8}") = "src", "src", "{827E0CD3-B72D-47B6-A68D-7590B98EB39B}"
EndProject
Project("{2150E333-8FDC-42A3-9474-1A3956D46DE8}") = "tests", "tests", "{0AB3BF05-4346-4AA6-1389-037BE0695223}"
EndProject
Project("{FAE04EC0-301F-11D3-BF4B-00C04F79EFBC}") = "MobilDwg.Integration.Tests", "tests\MobilDwg.Integration.Tests\MobilDwg.Integration.Tests.csproj", "{795EA74B-DAF3-45FC-8809-AD94438F1A4C}"
EndProject
Project("{FAE04EC0-301F-11D3-BF4B-00C04F79EFBC}") = "MobilDwg.Android.Instrumentation", "tests\MobilDwg.Android.Instrumentation\MobilDwg.Android.Instrumentation.csproj", "{F64109DB-0C9D-47E7-9EB7-D751B40D35EE}"
EndProject
Global
	GlobalSection(SolutionConfigurationPlatforms) = preSolution
		Debug|Any CPU = Debug|Any CPU
		Debug|x64 = Debug|x64
		Debug|x86 = Debug|x86
		Release|Any CPU = Release|Any CPU
		Release|x64 = Release|x64
		Release|x86 = Release|x86
	EndGlobalSection
	GlobalSection(ProjectConfigurationPlatforms) = postSolution
		{11111111-1111-4111-8111-111111111111}.Debug|Any CPU.ActiveCfg = Debug|Any CPU
		{11111111-1111-4111-8111-111111111111}.Debug|Any CPU.Build.0 = Debug|Any CPU
		{11111111-1111-4111-8111-111111111111}.Debug|x64.ActiveCfg = Debug|Any CPU
		{11111111-1111-4111-8111-111111111111}.Debug|x64.Build.0 = Debug|Any CPU
		{11111111-1111-4111-8111-111111111111}.Debug|x86.ActiveCfg = Debug|Any CPU
		{11111111-1111-4111-8111-111111111111}.Debug|x86.Build.0 = Debug|Any CPU
		{11111111-1111-4111-8111-111111111111}.Release|Any CPU.ActiveCfg = Release|Any CPU
		{11111111-1111-4111-8111-111111111111}.Release|Any CPU.Build.0 = Release|Any CPU
		{11111111-1111-4111-8111-111111111111}.Release|x64.ActiveCfg = Release|Any CPU
		{11111111-1111-4111-8111-111111111111}.Release|x64.Build.0 = Release|Any CPU
		{11111111-1111-4111-8111-111111111111}.Release|x86.ActiveCfg = Release|Any CPU
		{11111111-1111-4111-8111-111111111111}.Release|x86.Build.0 = Release|Any CPU
		{22222222-2222-4222-8222-222222222222}.Debug|Any CPU.ActiveCfg = Debug|Any CPU
		{22222222-2222-4222-8222-222222222222}.Debug|Any CPU.Build.0 = Debug|Any CPU
		{22222222-2222-4222-8222-222222222222}.Debug|x64.ActiveCfg = Debug|Any CPU
		{22222222-2222-4222-8222-222222222222}.Debug|x64.Build.0 = Debug|Any CPU
		{22222222-2222-4222-8222-222222222222}.Debug|x86.ActiveCfg = Debug|Any CPU
		{22222222-2222-4222-8222-222222222222}.Debug|x86.Build.0 = Debug|Any CPU
		{22222222-2222-4222-8222-222222222222}.Release|Any CPU.ActiveCfg = Release|Any CPU
		{22222222-2222-4222-8222-222222222222}.Release|Any CPU.Build.0 = Release|Any CPU
		{22222222-2222-4222-8222-222222222222}.Release|x64.ActiveCfg = Release|Any CPU
		{22222222-2222-4222-8222-222222222222}.Release|x64.Build.0 = Release|Any CPU
		{22222222-2222-4222-8222-222222222222}.Release|x86.ActiveCfg = Release|Any CPU
		{22222222-2222-4222-8222-222222222222}.Release|x86.Build.0 = Release|Any CPU
		{33333333-3333-4333-8333-333333333333}.Debug|Any CPU.ActiveCfg = Debug|Any CPU
		{33333333-3333-4333-8333-333333333333}.Debug|Any CPU.Build.0 = Debug|Any CPU
		{33333333-3333-4333-8333-333333333333}.Debug|x64.ActiveCfg = Debug|Any CPU
		{33333333-3333-4333-8333-333333333333}.Debug|x64.Build.0 = Debug|Any CPU
		{33333333-3333-4333-8333-333333333333}.Debug|x86.ActiveCfg = Debug|Any CPU
		{33333333-3333-4333-8333-333333333333}.Debug|x86.Build.0 = Debug|Any CPU
		{33333333-3333-4333-8333-333333333333}.Release|Any CPU.ActiveCfg = Release|Any CPU
		{33333333-3333-4333-8333-333333333333}.Release|Any CPU.Build.0 = Release|Any CPU
		{33333333-3333-4333-8333-333333333333}.Release|x64.ActiveCfg = Release|Any CPU
		{33333333-3333-4333-8333-333333333333}.Release|x64.Build.0 = Release|Any CPU
		{33333333-3333-4333-8333-333333333333}.Release|x86.ActiveCfg = Release|Any CPU
		{33333333-3333-4333-8333-333333333333}.Release|x86.Build.0 = Release|Any CPU
		{44444444-4444-4444-8444-444444444444}.Debug|Any CPU.ActiveCfg = Debug|Any CPU
		{44444444-4444-4444-8444-444444444444}.Debug|Any CPU.Build.0 = Debug|Any CPU
		{44444444-4444-4444-8444-444444444444}.Debug|x64.ActiveCfg = Debug|Any CPU
		{44444444-4444-4444-8444-444444444444}.Debug|x64.Build.0 = Debug|Any CPU
		{44444444-4444-4444-8444-444444444444}.Debug|x86.ActiveCfg = Debug|Any CPU
		{44444444-4444-4444-8444-444444444444}.Debug|x86.Build.0 = Debug|Any CPU
		{44444444-4444-4444-8444-444444444444}.Release|Any CPU.ActiveCfg = Release|Any CPU
		{44444444-4444-4444-8444-444444444444}.Release|Any CPU.Build.0 = Release|Any CPU
		{44444444-4444-4444-8444-444444444444}.Release|x64.ActiveCfg = Release|Any CPU
		{44444444-4444-4444-8444-444444444444}.Release|x64.Build.0 = Release|Any CPU
		{44444444-4444-4444-8444-444444444444}.Release|x86.ActiveCfg = Release|Any CPU
		{44444444-4444-4444-8444-444444444444}.Release|x86.Build.0 = Release|Any CPU
		{55555555-5555-4555-8555-555555555555}.Debug|Any CPU.ActiveCfg = Debug|Any CPU
		{55555555-5555-4555-8555-555555555555}.Debug|Any CPU.Build.0 = Debug|Any CPU
		{55555555-5555-4555-8555-555555555555}.Debug|x64.ActiveCfg = Debug|Any CPU
		{55555555-5555-4555-8555-555555555555}.Debug|x64.Build.0 = Debug|Any CPU
		{55555555-5555-4555-8555-555555555555}.Debug|x86.ActiveCfg = Debug|Any CPU
		{55555555-5555-4555-8555-555555555555}.Debug|x86.Build.0 = Debug|Any CPU
		{55555555-5555-4555-8555-555555555555}.Release|Any CPU.ActiveCfg = Release|Any CPU
		{55555555-5555-4555-8555-555555555555}.Release|Any CPU.Build.0 = Release|Any CPU
		{55555555-5555-4555-8555-555555555555}.Release|x64.ActiveCfg = Release|Any CPU
		{55555555-5555-4555-8555-555555555555}.Release|x64.Build.0 = Release|Any CPU
		{55555555-5555-4555-8555-555555555555}.Release|x86.ActiveCfg = Release|Any CPU
		{55555555-5555-4555-8555-555555555555}.Release|x86.Build.0 = Release|Any CPU
		{66666666-6666-4666-8666-666666666666}.Debug|Any CPU.ActiveCfg = Debug|Any CPU
		{66666666-6666-4666-8666-666666666666}.Debug|Any CPU.Build.0 = Debug|Any CPU
		{66666666-6666-4666-8666-666666666666}.Debug|x64.ActiveCfg = Debug|Any CPU
		{66666666-6666-4666-8666-666666666666}.Debug|x64.Build.0 = Debug|Any CPU
		{66666666-6666-4666-8666-666666666666}.Debug|x86.ActiveCfg = Debug|Any CPU
		{66666666-6666-4666-8666-666666666666}.Debug|x86.Build.0 = Debug|Any CPU
		{66666666-6666-4666-8666-666666666666}.Release|Any CPU.ActiveCfg = Release|Any CPU
		{66666666-6666-4666-8666-666666666666}.Release|Any CPU.Build.0 = Release|Any CPU
		{66666666-6666-4666-8666-666666666666}.Release|x64.ActiveCfg = Release|Any CPU
		{66666666-6666-4666-8666-666666666666}.Release|x64.Build.0 = Release|Any CPU
		{66666666-6666-4666-8666-666666666666}.Release|x86.ActiveCfg = Release|Any CPU
		{66666666-6666-4666-8666-666666666666}.Release|x86.Build.0 = Release|Any CPU
		{77777777-7777-4777-8777-777777777777}.Debug|Any CPU.ActiveCfg = Debug|Any CPU
		{77777777-7777-4777-8777-777777777777}.Debug|Any CPU.Build.0 = Debug|Any CPU
		{77777777-7777-4777-8777-777777777777}.Debug|x64.ActiveCfg = Debug|Any CPU
		{77777777-7777-4777-8777-777777777777}.Debug|x64.Build.0 = Debug|Any CPU
		{77777777-7777-4777-8777-777777777777}.Debug|x86.ActiveCfg = Debug|Any CPU
		{77777777-7777-4777-8777-777777777777}.Debug|x86.Build.0 = Debug|Any CPU
		{77777777-7777-4777-8777-777777777777}.Release|Any CPU.ActiveCfg = Release|Any CPU
		{77777777-7777-4777-8777-777777777777}.Release|Any CPU.Build.0 = Release|Any CPU
		{77777777-7777-4777-8777-777777777777}.Release|x64.ActiveCfg = Release|Any CPU
		{77777777-7777-4777-8777-777777777777}.Release|x64.Build.0 = Release|Any CPU
		{77777777-7777-4777-8777-777777777777}.Release|x86.ActiveCfg = Release|Any CPU
		{77777777-7777-4777-8777-777777777777}.Release|x86.Build.0 = Release|Any CPU
		{910E99DB-0F49-415F-B16A-EDAB1B7362EC}.Debug|Any CPU.ActiveCfg = Debug|Any CPU
		{910E99DB-0F49-415F-B16A-EDAB1B7362EC}.Debug|Any CPU.Build.0 = Debug|Any CPU
		{910E99DB-0F49-415F-B16A-EDAB1B7362EC}.Debug|x64.ActiveCfg = Debug|Any CPU
		{910E99DB-0F49-415F-B16A-EDAB1B7362EC}.Debug|x64.Build.0 = Debug|Any CPU
		{910E99DB-0F49-415F-B16A-EDAB1B7362EC}.Debug|x86.ActiveCfg = Debug|Any CPU
		{910E99DB-0F49-415F-B16A-EDAB1B7362EC}.Debug|x86.Build.0 = Debug|Any CPU
		{910E99DB-0F49-415F-B16A-EDAB1B7362EC}.Release|Any CPU.ActiveCfg = Release|Any CPU
		{910E99DB-0F49-415F-B16A-EDAB1B7362EC}.Release|Any CPU.Build.0 = Release|Any CPU
		{910E99DB-0F49-415F-B16A-EDAB1B7362EC}.Release|x64.ActiveCfg = Release|Any CPU
		{910E99DB-0F49-415F-B16A-EDAB1B7362EC}.Release|x64.Build.0 = Release|Any CPU
		{910E99DB-0F49-415F-B16A-EDAB1B7362EC}.Release|x86.ActiveCfg = Release|Any CPU
		{910E99DB-0F49-415F-B16A-EDAB1B7362EC}.Release|x86.Build.0 = Release|Any CPU
		{795EA74B-DAF3-45FC-8809-AD94438F1A4C}.Debug|Any CPU.ActiveCfg = Debug|Any CPU
		{795EA74B-DAF3-45FC-8809-AD94438F1A4C}.Debug|Any CPU.Build.0 = Debug|Any CPU
		{795EA74B-DAF3-45FC-8809-AD94438F1A4C}.Debug|x64.ActiveCfg = Debug|Any CPU
		{795EA74B-DAF3-45FC-8809-AD94438F1A4C}.Debug|x64.Build.0 = Debug|Any CPU
		{795EA74B-DAF3-45FC-8809-AD94438F1A4C}.Debug|x86.ActiveCfg = Debug|Any CPU
		{795EA74B-DAF3-45FC-8809-AD94438F1A4C}.Debug|x86.Build.0 = Debug|Any CPU
		{795EA74B-DAF3-45FC-8809-AD94438F1A4C}.Release|Any CPU.ActiveCfg = Release|Any CPU
		{795EA74B-DAF3-45FC-8809-AD94438F1A4C}.Release|Any CPU.Build.0 = Release|Any CPU
		{795EA74B-DAF3-45FC-8809-AD94438F1A4C}.Release|x64.ActiveCfg = Release|Any CPU
		{795EA74B-DAF3-45FC-8809-AD94438F1A4C}.Release|x64.Build.0 = Release|Any CPU
		{795EA74B-DAF3-45FC-8809-AD94438F1A4C}.Release|x86.ActiveCfg = Release|Any CPU
		{795EA74B-DAF3-45FC-8809-AD94438F1A4C}.Release|x86.Build.0 = Release|Any CPU
		{F64109DB-0C9D-47E7-9EB7-D751B40D35EE}.Debug|Any CPU.ActiveCfg = Debug|Any CPU
		{F64109DB-0C9D-47E7-9EB7-D751B40D35EE}.Debug|Any CPU.Build.0 = Debug|Any CPU
		{F64109DB-0C9D-47E7-9EB7-D751B40D35EE}.Debug|x64.ActiveCfg = Debug|Any CPU
		{F64109DB-0C9D-47E7-9EB7-D751B40D35EE}.Debug|x64.Build.0 = Debug|Any CPU
		{F64109DB-0C9D-47E7-9EB7-D751B40D35EE}.Debug|x86.ActiveCfg = Debug|Any CPU
		{F64109DB-0C9D-47E7-9EB7-D751B40D35EE}.Debug|x86.Build.0 = Debug|Any CPU
		{F64109DB-0C9D-47E7-9EB7-D751B40D35EE}.Release|Any CPU.ActiveCfg = Release|Any CPU
		{F64109DB-0C9D-47E7-9EB7-D751B40D35EE}.Release|Any CPU.Build.0 = Release|Any CPU
		{F64109DB-0C9D-47E7-9EB7-D751B40D35EE}.Release|x64.ActiveCfg = Release|Any CPU
		{F64109DB-0C9D-47E7-9EB7-D751B40D35EE}.Release|x64.Build.0 = Release|Any CPU
		{F64109DB-0C9D-47E7-9EB7-D751B40D35EE}.Release|x86.ActiveCfg = Release|Any CPU
		{F64109DB-0C9D-47E7-9EB7-D751B40D35EE}.Release|x86.Build.0 = Release|Any CPU
	EndGlobalSection
	GlobalSection(SolutionProperties) = preSolution
		HideSolutionNode = FALSE
	EndGlobalSection
	GlobalSection(NestedProjects) = preSolution
		{910E99DB-0F49-415F-B16A-EDAB1B7362EC} = {07C2787E-EAC7-C090-1BA3-A61EC2A24D84}
		{795EA74B-DAF3-45FC-8809-AD94438F1A4C} = {0AB3BF05-4346-4AA6-1389-037BE0695223}
		{F64109DB-0C9D-47E7-9EB7-D751B40D35EE} = {0AB3BF05-4346-4AA6-1389-037BE0695223}
	EndGlobalSection
EndGlobal
